// !$*UTF8*$!
{
	archiveVersion = 1;
	classes = {
	};
	objectVersion = 46;
	objects = {

/* Begin PBXBuildFile section */
		3F3ADFFB20736B5400A1F36B /* main.m in Sources */ = {isa = PBXBuildFile; fileRef = 3F3ADFFA20736B5400A1F36B /* main.m */; };
		3F3AE00820736BC100A1F36B /* ExampleLocationViewController.m in Sources */ = {isa = PBXBuildFile; fileRef = 3F3ADFFF20736BC000A1F36B /* ExampleLocationViewController.m */; };
		3F3AE00920736BC100A1F36B /* ExampleListViewController.m in Sources */ = {isa = PBXBuildFile; fileRef = 3F3AE00320736BC000A1F36B /* ExampleListViewController.m */; };
		3F3AE00A20736BC100A1F36B /* IpsLocationShareHandle.m in Sources */ = {isa = PBXBuildFile; fileRef = 3F3AE00620736BC100A1F36B /* IpsLocationShareHandle.m */; };
		3F3AE00B20736BC100A1F36B /* AppDelegate.m in Sources */ = {isa = PBXBuildFile; fileRef = 3F3AE00720736BC100A1F36B /* AppDelegate.m */; };
		3F3AE02120736D3A00A1F36B /* libWeChatSDK.a in Frameworks */ = {isa = PBXBuildFile; fileRef = 3F3AE02020736D3A00A1F36B /* libWeChatSDK.a */; };
		3F3AE02320736D7B00A1F36B /* libsqlite3.tbd in Frameworks */ = {isa = PBXBuildFile; fileRef = 3F3AE02220736D7A00A1F36B /* libsqlite3.tbd */; };
		3F3AE02520736D9000A1F36B /* CFNetwork.framework in Frameworks */ = {isa = PBXBuildFile; fileRef = 3F3AE02420736D9000A1F36B /* CFNetwork.framework */; };
		3F3AE02720736DB000A1F36B /* SystemConfiguration.framework in Frameworks */ = {isa = PBXBuildFile; fileRef = 3F3AE02620736DB000A1F36B /* SystemConfiguration.framework */; };
		3F3AE02920736DC900A1F36B /* libz.tbd in Frameworks */ = {isa = PBXBuildFile; fileRef = 3F3AE02820736DC900A1F36B /* libz.tbd */; };
		3F3AE02B20736DDB00A1F36B /* CoreTelephony.framework in Frameworks */ = {isa = PBXBuildFile; fileRef = 3F3AE02A20736DDB00A1F36B /* CoreTelephony.framework */; };
		3F3AE02D20736DF000A1F36B /* libc++.tbd in Frameworks */ = {isa = PBXBuildFile; fileRef = 3F3AE02C20736DF000A1F36B /* libc++.tbd */; };
		3F3AE02F207383E700A1F36B /* Security.framework in Frameworks */ = {isa = PBXBuildFile; fileRef = 3F3AE02E207383E700A1F36B /* Security.framework */; };
		3F3AE0402074669D00A1F36B /* LaunchScreen.storyboard in Resources */ = {isa = PBXBuildFile; fileRef = 3F3AE03E2074669D00A1F36B /* LaunchScreen.storyboard */; };
		3F3AE042207466A500A1F36B /* Assets.xcassets in Resources */ = {isa = PBXBuildFile; fileRef = 3F3AE041207466A500A1F36B /* Assets.xcassets */; };
		3F3AE04C207CD81200A1F36B /* IpsmapSDK.xcassets in Resources */ = {isa = PBXBuildFile; fileRef = 3F3AE049207CD81200A1F36B /* IpsmapSDK.xcassets */; };
		3F3AE04D207CD81200A1F36B /* IpsmapSDK.framework in Frameworks */ = {isa = PBXBuildFile; fileRef = 3F3AE04B207CD81200A1F36B /* IpsmapSDK.framework */; };
		3F3AE04E207CD81D00A1F36B /* IpsmapSDK.framework in Embed Frameworks */ = {isa = PBXBuildFile; fileRef = 3F3AE04B207CD81200A1F36B /* IpsmapSDK.framework */; settings = {ATTRIBUTES = (CodeSignOnCopy, RemoveHeadersOnCopy, ); }; };
		3F8BF5601F6A11DF00C8243F /* IpsLocationShareHandle.m in Sources */ = {isa = PBXBuildFile; fileRef = 3F8BF55E1F6A11DF00C8243F /* IpsLocationShareHandle.m */; };
		3FB6E83F1EF0D9A400A67BC3 /* ExampleListViewController.m in Sources */ = {isa = PBXBuildFile; fileRef = 3FB6E83E1EF0D9A400A67BC3 /* ExampleListViewController.m */; };
		3FB6E8421EF0EA4400A67BC3 /* ExampleLocationViewController.m in Sources */ = {isa = PBXBuildFile; fileRef = 3FB6E8411EF0EA4400A67BC3 /* ExampleLocationViewController.m */; };
		3FEBD3E51EEA8FCF008ED9D2 /* main.m in Sources */ = {isa = PBXBuildFile; fileRef = 3FEBD3E41EEA8FCF008ED9D2 /* main.m */; };
		3FEBD3E81EEA8FCF008ED9D2 /* AppDelegate.m in Sources */ = {isa = PBXBuildFile; fileRef = 3FEBD3E71EEA8FCF008ED9D2 /* AppDelegate.m */; };
		3FEBD3F01EEA8FCF008ED9D2 /* Assets.xcassets in Resources */ = {isa = PBXBuildFile; fileRef = 3FEBD3EF1EEA8FCF008ED9D2 /* Assets.xcassets */; };
		3FEBD3F31EEA8FCF008ED9D2 /* LaunchScreen.storyboard in Resources */ = {isa = PBXBuildFile; fileRef = 3FEBD3F11EEA8FCF008ED9D2 /* LaunchScreen.storyboard */; };
		3FEBD3FE1EEA8FCF008ED9D2 /* IpsmapSDK_DemoTests.m in Sources */ = {isa = PBXBuildFile; fileRef = 3FEBD3FD1EEA8FCF008ED9D2 /* IpsmapSDK_DemoTests.m */; };
		3FEBD4091EEA8FCF008ED9D2 /* IpsmapSDK_DemoUITests.m in Sources */ = {isa = PBXBuildFile; fileRef = 3FEBD4081EEA8FCF008ED9D2 /* IpsmapSDK_DemoUITests.m */; };
		B5CFE47F63BAB872A614D949 /* libPods-IpsmapSDK_Demo.a in Frameworks */ = {isa = PBXBuildFile; fileRef = DBEC1126CAB70202EF0D16A9 /* libPods-IpsmapSDK_Demo.a */; };
/* End PBXBuildFile section */

/* Begin PBXContainerItemProxy section */
		3FEBD3FA1EEA8FCF008ED9D2 /* PBXContainerItemProxy */ = {
			isa = PBXContainerItemProxy;
			containerPortal = 3FEBD3D81EEA8FCF008ED9D2 /* Project object */;
			proxyType = 1;
			remoteGlobalIDString = 3FEBD3DF1EEA8FCF008ED9D2;
			remoteInfo = IpsmapSDK_Demo;
		};
		3FEBD4051EEA8FCF008ED9D2 /* PBXContainerItemProxy */ = {
			isa = PBXContainerItemProxy;
			containerPortal = 3FEBD3D81EEA8FCF008ED9D2 /* Project object */;
			proxyType = 1;
			remoteGlobalIDString = 3FEBD3DF1EEA8FCF008ED9D2;
			remoteInfo = IpsmapSDK_Demo;
		};
/* End PBXContainerItemProxy section */

/* Begin PBXCopyFilesBuildPhase section */
		3F3AE01420736C0E00A1F36B /* Embed Frameworks */ = {
			isa = PBXCopyFilesBuildPhase;
			buildActionMask = 2147483647;
			dstPath = "";
			dstSubfolderSpec = 10;
			files = (
				3F3AE04E207CD81D00A1F36B /* IpsmapSDK.framework in Embed Frameworks */,
			);
			name = "Embed Frameworks";
			runOnlyForDeploymentPostprocessing = 0;
		};
/* End PBXCopyFilesBuildPhase section */

/* Begin PBXFileReference section */
		25F00BE4824CBD33B62ED2F1 /* Pods-IpsmapSDK_Demo.debug.xcconfig */ = {isa = PBXFileReference; includeInIndex = 1; lastKnownFileType = text.xcconfig; name = "Pods-IpsmapSDK_Demo.debug.xcconfig"; path = "Pods/Target Support Files/Pods-IpsmapSDK_Demo/Pods-IpsmapSDK_Demo.debug.xcconfig"; sourceTree = "<group>"; };
		3F3ADFE920736B5300A1F36B /* IpsmapSDK_Local.app */ = {isa = PBXFileReference; explicitFileType = wrapper.application; includeInIndex = 0; path = IpsmapSDK_Local.app; sourceTree = BUILT_PRODUCTS_DIR; };
		3F3ADFF920736B5400A1F36B /* Info.plist */ = {isa = PBXFileReference; lastKnownFileType = text.plist.xml; path = Info.plist; sourceTree = "<group>"; };
		3F3ADFFA20736B5400A1F36B /* main.m */ = {isa = PBXFileReference; lastKnownFileType = sourcecode.c.objc; path = main.m; sourceTree = "<group>"; };
		3F3ADFFF20736BC000A1F36B /* ExampleLocationViewController.m */ = {isa = PBXFileReference; fileEncoding = 4; lastKnownFileType = sourcecode.c.objc; name = ExampleLocationViewController.m; path = IpsmapSDK_Demo/ExampleLocationViewController.m; sourceTree = SOURCE_ROOT; };
		3F3AE00020736BC000A1F36B /* ExampleLocationViewController.h */ = {isa = PBXFileReference; fileEncoding = 4; lastKnownFileType = sourcecode.c.h; name = ExampleLocationViewController.h; path = IpsmapSDK_Demo/ExampleLocationViewController.h; sourceTree = SOURCE_ROOT; };
		3F3AE00120736BC000A1F36B /* APIKey.h */ = {isa = PBXFileReference; fileEncoding = 4; lastKnownFileType = sourcecode.c.h; name = APIKey.h; path = IpsmapSDK_Demo/APIKey.h; sourceTree = SOURCE_ROOT; };
		3F3AE00220736BC000A1F36B /* AppDelegate.h */ = {isa = PBXFileReference; fileEncoding = 4; lastKnownFileType = sourcecode.c.h; name = AppDelegate.h; path = IpsmapSDK_Demo/AppDelegate.h; sourceTree = SOURCE_ROOT; };
		3F3AE00320736BC000A1F36B /* ExampleListViewController.m */ = {isa = PBXFileReference; fileEncoding = 4; lastKnownFileType = sourcecode.c.objc; name = ExampleListViewController.m; path = IpsmapSDK_Demo/ExampleListViewController.m; sourceTree = SOURCE_ROOT; };
		3F3AE00420736BC100A1F36B /* ExampleListViewController.h */ = {isa = PBXFileReference; fileEncoding = 4; lastKnownFileType = sourcecode.c.h; name = ExampleListViewController.h; path = IpsmapSDK_Demo/ExampleListViewController.h; sourceTree = SOURCE_ROOT; };
		3F3AE00520736BC100A1F36B /* IpsLocationShareHandle.h */ = {isa = PBXFileReference; fileEncoding = 4; lastKnownFileType = sourcecode.c.h; name = IpsLocationShareHandle.h; path = IpsmapSDK_Demo/IpsLocationShareHandle.h; sourceTree = SOURCE_ROOT; };
		3F3AE00620736BC100A1F36B /* IpsLocationShareHandle.m */ = {isa = PBXFileReference; fileEncoding = 4; lastKnownFileType = sourcecode.c.objc; name = IpsLocationShareHandle.m; path = IpsmapSDK_Demo/IpsLocationShareHandle.m; sourceTree = SOURCE_ROOT; };
		3F3AE00720736BC100A1F36B /* AppDelegate.m */ = {isa = PBXFileReference; fileEncoding = 4; lastKnownFileType = sourcecode.c.objc; name = AppDelegate.m; path = IpsmapSDK_Demo/AppDelegate.m; sourceTree = SOURCE_ROOT; };
		3F3AE01D20736D3A00A1F36B /* WXApi.h */ = {isa = PBXFileReference; fileEncoding = 4; lastKnownFileType = sourcecode.c.h; path = WXApi.h; sourceTree = "<group>"; };
		3F3AE01E20736D3A00A1F36B /* WXApiObject.h */ = {isa = PBXFileReference; fileEncoding = 4; lastKnownFileType = sourcecode.c.h; path = WXApiObject.h; sourceTree = "<group>"; };
		3F3AE01F20736D3A00A1F36B /* WechatAuthSDK.h */ = {isa = PBXFileReference; fileEncoding = 4; lastKnownFileType = sourcecode.c.h; path = WechatAuthSDK.h; sourceTree = "<group>"; };
		3F3AE02020736D3A00A1F36B /* libWeChatSDK.a */ = {isa = PBXFileReference; lastKnownFileType = archive.ar; path = libWeChatSDK.a; sourceTree = "<group>"; };
		3F3AE02220736D7A00A1F36B /* libsqlite3.tbd */ = {isa = PBXFileReference; lastKnownFileType = "sourcecode.text-based-dylib-definition"; name = libsqlite3.tbd; path = usr/lib/libsqlite3.tbd; sourceTree = SDKROOT; };
		3F3AE02420736D9000A1F36B /* CFNetwork.framework */ = {isa = PBXFileReference; lastKnownFileType = wrapper.framework; name = CFNetwork.framework; path = System/Library/Frameworks/CFNetwork.framework; sourceTree = SDKROOT; };
		3F3AE02620736DB000A1F36B /* SystemConfiguration.framework */ = {isa = PBXFileReference; lastKnownFileType = wrapper.framework; name = SystemConfiguration.framework; path = System/Library/Frameworks/SystemConfiguration.framework; sourceTree = SDKROOT; };
		3F3AE02820736DC900A1F36B /* libz.tbd */ = {isa = PBXFileReference; lastKnownFileType = "sourcecode.text-based-dylib-definition"; name = libz.tbd; path = usr/lib/libz.tbd; sourceTree = SDKROOT; };
		3F3AE02A20736DDB00A1F36B /* CoreTelephony.framework */ = {isa = PBXFileReference; lastKnownFileType = wrapper.framework; name = CoreTelephony.framework; path = System/Library/Frameworks/CoreTelephony.framework; sourceTree = SDKROOT; };
		3F3AE02C20736DF000A1F36B /* libc++.tbd */ = {isa = PBXFileReference; lastKnownFileType = "sourcecode.text-based-dylib-definition"; name = "libc++.tbd"; path = "usr/lib/libc++.tbd"; sourceTree = SDKROOT; };
		3F3AE02E207383E700A1F36B /* Security.framework */ = {isa = PBXFileReference; lastKnownFileType = wrapper.framework; name = Security.framework; path = System/Library/Frameworks/Security.framework; sourceTree = SDKROOT; };
		3F3AE03F2074669D00A1F36B /* Base */ = {isa = PBXFileReference; lastKnownFileType = file.storyboard; name = Base; path = Base.lproj/LaunchScreen.storyboard; sourceTree = "<group>"; };
		3F3AE041207466A500A1F36B /* Assets.xcassets */ = {isa = PBXFileReference; lastKnownFileType = folder.assetcatalog; path = Assets.xcassets; sourceTree = "<group>"; };
		3F3AE049207CD81200A1F36B /* IpsmapSDK.xcassets */ = {isa = PBXFileReference; lastKnownFileType = folder.assetcatalog; name = IpsmapSDK.xcassets; path = ../../IpsmapSDK.xcassets; sourceTree = "<group>"; };
		3F3AE04B207CD81200A1F36B /* IpsmapSDK.framework */ = {isa = PBXFileReference; lastKnownFileType = wrapper.framework; path = IpsmapSDK.framework; sourceTree = "<group>"; };
		3F8BF55E1F6A11DF00C8243F /* IpsLocationShareHandle.m */ = {isa = PBXFileReference; fileEncoding = 4; lastKnownFileType = sourcecode.c.objc; path = IpsLocationShareHandle.m; sourceTree = "<group>"; };
		3F8BF55F1F6A11DF00C8243F /* IpsLocationShareHandle.h */ = {isa = PBXFileReference; fileEncoding = 4; lastKnownFileType = sourcecode.c.h; path = IpsLocationShareHandle.h; sourceTree = "<group>"; };
		3FB6E83D1EF0D9A400A67BC3 /* ExampleListViewController.h */ = {isa = PBXFileReference; fileEncoding = 4; lastKnownFileType = sourcecode.c.h; path = ExampleListViewController.h; sourceTree = "<group>"; };
		3FB6E83E1EF0D9A400A67BC3 /* ExampleListViewController.m */ = {isa = PBXFileReference; fileEncoding = 4; lastKnownFileType = sourcecode.c.objc; path = ExampleListViewController.m; sourceTree = "<group>"; };
		3FB6E8401EF0EA4400A67BC3 /* ExampleLocationViewController.h */ = {isa = PBXFileReference; fileEncoding = 4; lastKnownFileType = sourcecode.c.h; path = ExampleLocationViewController.h; sourceTree = "<group>"; };
		3FB6E8411EF0EA4400A67BC3 /* ExampleLocationViewController.m */ = {isa = PBXFileReference; fileEncoding = 4; lastKnownFileType = sourcecode.c.objc; path = ExampleLocationViewController.m; sourceTree = "<group>"; };
		3FB6E8431EF107DD00A67BC3 /* APIKey.h */ = {isa = PBXFileReference; lastKnownFileType = sourcecode.c.h; path = APIKey.h; sourceTree = "<group>"; };
		3FEBD3E01EEA8FCF008ED9D2 /* IpsmapSDK_Demo.app */ = {isa = PBXFileReference; explicitFileType = wrapper.application; includeInIndex = 0; path = IpsmapSDK_Demo.app; sourceTree = BUILT_PRODUCTS_DIR; };
		3FEBD3E41EEA8FCF008ED9D2 /* main.m */ = {isa = PBXFileReference; lastKnownFileType = sourcecode.c.objc; path = main.m; sourceTree = "<group>"; };
		3FEBD3E61EEA8FCF008ED9D2 /* AppDelegate.h */ = {isa = PBXFileReference; lastKnownFileType = sourcecode.c.h; path = AppDelegate.h; sourceTree = "<group>"; };
		3FEBD3E71EEA8FCF008ED9D2 /* AppDelegate.m */ = {isa = PBXFileReference; lastKnownFileType = sourcecode.c.objc; path = AppDelegate.m; sourceTree = "<group>"; };
		3FEBD3EF1EEA8FCF008ED9D2 /* Assets.xcassets */ = {isa = PBXFileReference; lastKnownFileType = folder.assetcatalog; path = Assets.xcassets; sourceTree = "<group>"; };
		3FEBD3F21EEA8FCF008ED9D2 /* Base */ = {isa = PBXFileReference; lastKnownFileType = file.storyboard; name = Base; path = Base.lproj/LaunchScreen.storyboard; sourceTree = "<group>"; };
		3FEBD3F41EEA8FCF008ED9D2 /* Info.plist */ = {isa = PBXFileReference; lastKnownFileType = text.plist.xml; path = Info.plist; sourceTree = "<group>"; };
		3FEBD3F91EEA8FCF008ED9D2 /* IpsmapSDK_DemoTests.xctest */ = {isa = PBXFileReference; explicitFileType = wrapper.cfbundle; includeInIndex = 0; path = IpsmapSDK_DemoTests.xctest; sourceTree = BUILT_PRODUCTS_DIR; };
		3FEBD3FD1EEA8FCF008ED9D2 /* IpsmapSDK_DemoTests.m */ = {isa = PBXFileReference; lastKnownFileType = sourcecode.c.objc; path = IpsmapSDK_DemoTests.m; sourceTree = "<group>"; };
		3FEBD3FF1EEA8FCF008ED9D2 /* Info.plist */ = {isa = PBXFileReference; lastKnownFileType = text.plist.xml; path = Info.plist; sourceTree = "<group>"; };
		3FEBD4041EEA8FCF008ED9D2 /* IpsmapSDK_DemoUITests.xctest */ = {isa = PBXFileReference; explicitFileType = wrapper.cfbundle; includeInIndex = 0; path = IpsmapSDK_DemoUITests.xctest; sourceTree = BUILT_PRODUCTS_DIR; };
		3FEBD4081EEA8FCF008ED9D2 /* IpsmapSDK_DemoUITests.m */ = {isa = PBXFileReference; lastKnownFileType = sourcecode.c.objc; path = IpsmapSDK_DemoUITests.m; sourceTree = "<group>"; };
		3FEBD40A1EEA8FCF008ED9D2 /* Info.plist */ = {isa = PBXFileReference; lastKnownFileType = text.plist.xml; path = Info.plist; sourceTree = "<group>"; };
		691C6A2A00243E6485D167EC /* Pods-IpsmapSDK_Demo.release.xcconfig */ = {isa = PBXFileReference; includeInIndex = 1; lastKnownFileType = text.xcconfig; name = "Pods-IpsmapSDK_Demo.release.xcconfig"; path = "Pods/Target Support Files/Pods-IpsmapSDK_Demo/Pods-IpsmapSDK_Demo.release.xcconfig"; sourceTree = "<group>"; };
		DBEC1126CAB70202EF0D16A9 /* libPods-IpsmapSDK_Demo.a */ = {isa = PBXFileReference; explicitFileType = archive.ar; includeInIndex = 0; path = "libPods-IpsmapSDK_Demo.a"; sourceTree = BUILT_PRODUCTS_DIR; };
/* End PBXFileReference section */

/* Begin PBXFrameworksBuildPhase section */
		3F3ADFE620736B5300A1F36B /* Frameworks */ = {
			isa = PBXFrameworksBuildPhase;
			buildActionMask = 2147483647;
			files = (
				3F3AE02F207383E700A1F36B /* Security.framework in Frameworks */,
				3F3AE02D20736DF000A1F36B /* libc++.tbd in Frameworks */,
				3F3AE02B20736DDB00A1F36B /* CoreTelephony.framework in Frameworks */,
				3F3AE02920736DC900A1F36B /* libz.tbd in Frameworks */,
				3F3AE04D207CD81200A1F36B /* IpsmapSDK.framework in Frameworks */,
				3F3AE02720736DB000A1F36B /* SystemConfiguration.framework in Frameworks */,
				3F3AE02520736D9000A1F36B /* CFNetwork.framework in Frameworks */,
				3F3AE02320736D7B00A1F36B /* libsqlite3.tbd in Frameworks */,
				3F3AE02120736D3A00A1F36B /* libWeChatSDK.a in Frameworks */,
			);
			runOnlyForDeploymentPostprocessing = 0;
		};
		3FEBD3DD1EEA8FCF008ED9D2 /* Frameworks */ = {
			isa = PBXFrameworksBuildPhase;
			buildActionMask = 2147483647;
			files = (
				B5CFE47F63BAB872A614D949 /* libPods-IpsmapSDK_Demo.a in Frameworks */,
			);
			runOnlyForDeploymentPostprocessing = 0;
		};
		3FEBD3F61EEA8FCF008ED9D2 /* Frameworks */ = {
			isa = PBXFrameworksBuildPhase;
			buildActionMask = 2147483647;
			files = (
			);
			runOnlyForDeploymentPostprocessing = 0;
		};
		3FEBD4011EEA8FCF008ED9D2 /* Frameworks */ = {
			isa = PBXFrameworksBuildPhase;
			buildActionMask = 2147483647;
			files = (
			);
			runOnlyForDeploymentPostprocessing = 0;
		};
/* End PBXFrameworksBuildPhase section */

/* Begin PBXGroup section */
		055A46E56CB664E210FB1317 /* Frameworks */ = {
			isa = PBXGroup;
			children = (
				3F3AE02E207383E700A1F36B /* Security.framework */,
				3F3AE02C20736DF000A1F36B /* libc++.tbd */,
				3F3AE02A20736DDB00A1F36B /* CoreTelephony.framework */,
				3F3AE02820736DC900A1F36B /* libz.tbd */,
				3F3AE02620736DB000A1F36B /* SystemConfiguration.framework */,
				3F3AE02420736D9000A1F36B /* CFNetwork.framework */,
				3F3AE02220736D7A00A1F36B /* libsqlite3.tbd */,
				DBEC1126CAB70202EF0D16A9 /* libPods-IpsmapSDK_Demo.a */,
			);
			name = Frameworks;
			sourceTree = "<group>";
		};
		14A2F726E8B3704861E92DC1 /* Pods */ = {
			isa = PBXGroup;
			children = (
				25F00BE4824CBD33B62ED2F1 /* Pods-IpsmapSDK_Demo.debug.xcconfig */,
				691C6A2A00243E6485D167EC /* Pods-IpsmapSDK_Demo.release.xcconfig */,
			);
			name = Pods;
			sourceTree = "<group>";
		};
		3F3ADFEA20736B5300A1F36B /* IpsmapSDK_Local */ = {
			isa = PBXGroup;
			children = (
				3F3AE04A207CD81200A1F36B /* IpsmapSDK */,
				3F3AE049207CD81200A1F36B /* IpsmapSDK.xcassets */,
				3F3AE01B20736D3A00A1F36B /* WechatOpenSDK */,
				3F3AE00120736BC000A1F36B /* APIKey.h */,
				3F3AE00220736BC000A1F36B /* AppDelegate.h */,
				3F3AE00720736BC100A1F36B /* AppDelegate.m */,
				3F3AE00420736BC100A1F36B /* ExampleListViewController.h */,
				3F3AE00320736BC000A1F36B /* ExampleListViewController.m */,
				3F3AE00020736BC000A1F36B /* ExampleLocationViewController.h */,
				3F3ADFFF20736BC000A1F36B /* ExampleLocationViewController.m */,
				3F3AE00520736BC100A1F36B /* IpsLocationShareHandle.h */,
				3F3AE00620736BC100A1F36B /* IpsLocationShareHandle.m */,
				3F3AE041207466A500A1F36B /* Assets.xcassets */,
				3F3AE03E2074669D00A1F36B /* LaunchScreen.storyboard */,
				3F3ADFF920736B5400A1F36B /* Info.plist */,
				3F3ADFFA20736B5400A1F36B /* main.m */,
			);
			path = IpsmapSDK_Local;
			sourceTree = "<group>";
		};
		3F3AE01B20736D3A00A1F36B /* WechatOpenSDK */ = {
			isa = PBXGroup;
			children = (
				3F3AE01C20736D3A00A1F36B /* OpenSDK1.8.0 */,
			);
			path = WechatOpenSDK;
			sourceTree = "<group>";
		};
		3F3AE01C20736D3A00A1F36B /* OpenSDK1.8.0 */ = {
			isa = PBXGroup;
			children = (
				3F3AE01D20736D3A00A1F36B /* WXApi.h */,
				3F3AE01E20736D3A00A1F36B /* WXApiObject.h */,
				3F3AE01F20736D3A00A1F36B /* WechatAuthSDK.h */,
				3F3AE02020736D3A00A1F36B /* libWeChatSDK.a */,
			);
			path = OpenSDK1.8.0;
			sourceTree = "<group>";
		};
		3F3AE04A207CD81200A1F36B /* IpsmapSDK */ = {
			isa = PBXGroup;
			children = (
				3F3AE04B207CD81200A1F36B /* IpsmapSDK.framework */,
			);
			name = IpsmapSDK;
			path = ../../IpsmapSDK;
			sourceTree = "<group>";
		};
		3FEBD3D71EEA8FCF008ED9D2 = {
			isa = PBXGroup;
			children = (
				3FEBD3E21EEA8FCF008ED9D2 /* IpsmapSDK_Demo */,
				3FEBD3FC1EEA8FCF008ED9D2 /* IpsmapSDK_DemoTests */,
				3FEBD4071EEA8FCF008ED9D2 /* IpsmapSDK_DemoUITests */,
				3F3ADFEA20736B5300A1F36B /* IpsmapSDK_Local */,
				3FEBD3E11EEA8FCF008ED9D2 /* Products */,
				14A2F726E8B3704861E92DC1 /* Pods */,
				055A46E56CB664E210FB1317 /* Frameworks */,
			);
			sourceTree = "<group>";
		};
		3FEBD3E11EEA8FCF008ED9D2 /* Products */ = {
			isa = PBXGroup;
			children = (
				3FEBD3E01EEA8FCF008ED9D2 /* IpsmapSDK_Demo.app */,
				3FEBD3F91EEA8FCF008ED9D2 /* IpsmapSDK_DemoTests.xctest */,
				3FEBD4041EEA8FCF008ED9D2 /* IpsmapSDK_DemoUITests.xctest */,
				3F3ADFE920736B5300A1F36B /* IpsmapSDK_Local.app */,
			);
			name = Products;
			sourceTree = "<group>";
		};
		3FEBD3E21EEA8FCF008ED9D2 /* IpsmapSDK_Demo */ = {
			isa = PBXGroup;
			children = (
				3FB6E8431EF107DD00A67BC3 /* APIKey.h */,
				3FEBD3E61EEA8FCF008ED9D2 /* AppDelegate.h */,
				3FEBD3E71EEA8FCF008ED9D2 /* AppDelegate.m */,
				3FB6E83D1EF0D9A400A67BC3 /* ExampleListViewController.h */,
				3FB6E83E1EF0D9A400A67BC3 /* ExampleListViewController.m */,
				3FB6E8401EF0EA4400A67BC3 /* ExampleLocationViewController.h */,
				3FB6E8411EF0EA4400A67BC3 /* ExampleLocationViewController.m */,
				3F8BF55F1F6A11DF00C8243F /* IpsLocationShareHandle.h */,
				3F8BF55E1F6A11DF00C8243F /* IpsLocationShareHandle.m */,
				3FEBD3EF1EEA8FCF008ED9D2 /* Assets.xcassets */,
				3FEBD3F11EEA8FCF008ED9D2 /* LaunchScreen.storyboard */,
				3FEBD3F41EEA8FCF008ED9D2 /* Info.plist */,
				3FEBD3E31EEA8FCF008ED9D2 /* Supporting Files */,
			);
			path = IpsmapSDK_Demo;
			sourceTree = "<group>";
		};
		3FEBD3E31EEA8FCF008ED9D2 /* Supporting Files */ = {
			isa = PBXGroup;
			children = (
				3FEBD3E41EEA8FCF008ED9D2 /* main.m */,
			);
			name = "Supporting Files";
			sourceTree = "<group>";
		};
		3FEBD3FC1EEA8FCF008ED9D2 /* IpsmapSDK_DemoTests */ = {
			isa = PBXGroup;
			children = (
				3FEBD3FD1EEA8FCF008ED9D2 /* IpsmapSDK_DemoTests.m */,
				3FEBD3FF1EEA8FCF008ED9D2 /* Info.plist */,
			);
			path = IpsmapSDK_DemoTests;
			sourceTree = "<group>";
		};
		3FEBD4071EEA8FCF008ED9D2 /* IpsmapSDK_DemoUITests */ = {
			isa = PBXGroup;
			children = (
				3FEBD4081EEA8FCF008ED9D2 /* IpsmapSDK_DemoUITests.m */,
				3FEBD40A1EEA8FCF008ED9D2 /* Info.plist */,
			);
			path = IpsmapSDK_DemoUITests;
			sourceTree = "<group>";
		};
/* End PBXGroup section */

/* Begin PBXNativeTarget section */
		3F3ADFE820736B5300A1F36B /* IpsmapSDK_Local */ = {
			isa = PBXNativeTarget;
			buildConfigurationList = 3F3ADFFE20736B5400A1F36B /* Build configuration list for PBXNativeTarget "IpsmapSDK_Local" */;
			buildPhases = (
				3F3ADFE520736B5300A1F36B /* Sources */,
				3F3ADFE620736B5300A1F36B /* Frameworks */,
				3F3ADFE720736B5300A1F36B /* Resources */,
				3F3AE01420736C0E00A1F36B /* Embed Frameworks */,
			);
			buildRules = (
			);
			dependencies = (
			);
			name = IpsmapSDK_Local;
			productName = IpsmapSDK_Local;
			productReference = 3F3ADFE920736B5300A1F36B /* IpsmapSDK_Local.app */;
			productType = "com.apple.product-type.application";
		};
		3FEBD3DF1EEA8FCF008ED9D2 /* IpsmapSDK_Demo */ = {
			isa = PBXNativeTarget;
			buildConfigurationList = 3FEBD40D1EEA8FCF008ED9D2 /* Build configuration list for PBXNativeTarget "IpsmapSDK_Demo" */;
			buildPhases = (
				CBC4C8733D1E2F687EDF6D78 /* [CP] Check Pods Manifest.lock */,
				3FEBD3DC1EEA8FCF008ED9D2 /* Sources */,
				3FEBD3DD1EEA8FCF008ED9D2 /* Frameworks */,
				3FEBD3DE1EEA8FCF008ED9D2 /* Resources */,
				D1506AF37CA22F1AEBE4A8EF /* [CP] Embed Pods Frameworks */,
				A9A08B8419D8FAAAF8112C0C /* [CP] Copy Pods Resources */,
			);
			buildRules = (
			);
			dependencies = (
			);
			name = IpsmapSDK_Demo;
			productName = IpsmapSDK_Demo;
			productReference = 3FEBD3E01EEA8FCF008ED9D2 /* IpsmapSDK_Demo.app */;
			productType = "com.apple.product-type.application";
		};
		3FEBD3F81EEA8FCF008ED9D2 /* IpsmapSDK_DemoTests */ = {
			isa = PBXNativeTarget;
			buildConfigurationList = 3FEBD4101EEA8FCF008ED9D2 /* Build configuration list for PBXNativeTarget "IpsmapSDK_DemoTests" */;
			buildPhases = (
				3FEBD3F51EEA8FCF008ED9D2 /* Sources */,
				3FEBD3F61EEA8FCF008ED9D2 /* Frameworks */,
				3FEBD3F71EEA8FCF008ED9D2 /* Resources */,
			);
			buildRules = (
			);
			dependencies = (
				3FEBD3FB1EEA8FCF008ED9D2 /* PBXTargetDependency */,
			);
			name = IpsmapSDK_DemoTests;
			productName = IpsmapSDK_DemoTests;
			productReference = 3FEBD3F91EEA8FCF008ED9D2 /* IpsmapSDK_DemoTests.xctest */;
			productType = "com.apple.product-type.bundle.unit-test";
		};
		3FEBD4031EEA8FCF008ED9D2 /* IpsmapSDK_DemoUITests */ = {
			isa = PBXNativeTarget;
			buildConfigurationList = 3FEBD4131EEA8FCF008ED9D2 /* Build configuration list for PBXNativeTarget "IpsmapSDK_DemoUITests" */;
			buildPhases = (
				3FEBD4001EEA8FCF008ED9D2 /* Sources */,
				3FEBD4011EEA8FCF008ED9D2 /* Frameworks */,
				3FEBD4021EEA8FCF008ED9D2 /* Resources */,
			);
			buildRules = (
			);
			dependencies = (
				3FEBD4061EEA8FCF008ED9D2 /* PBXTargetDependency */,
			);
			name = IpsmapSDK_DemoUITests;
			productName = IpsmapSDK_DemoUITests;
			productReference = 3FEBD4041EEA8FCF008ED9D2 /* IpsmapSDK_DemoUITests.xctest */;
			productType = "com.apple.product-type.bundle.ui-testing";
		};
/* End PBXNativeTarget section */

/* Begin PBXProject section */
		3FEBD3D81EEA8FCF008ED9D2 /* Project object */ = {
			isa = PBXProject;
			attributes = {
				LastUpgradeCheck = 0830;
				ORGANIZATIONNAME = zhangty;
				TargetAttributes = {
					3F3ADFE820736B5300A1F36B = {
						CreatedOnToolsVersion = 9.3;
						DevelopmentTeam = G3KRMQC7T9;
						ProvisioningStyle = Automatic;
					};
					3FEBD3DF1EEA8FCF008ED9D2 = {
						CreatedOnToolsVersion = 8.3.2;
						DevelopmentTeam = G3KRMQC7T9;
						ProvisioningStyle = Automatic;
					};
					3FEBD3F81EEA8FCF008ED9D2 = {
						CreatedOnToolsVersion = 8.3.2;
						DevelopmentTeam = G3KRMQC7T9;
						ProvisioningStyle = Automatic;
						TestTargetID = 3FEBD3DF1EEA8FCF008ED9D2;
					};
					3FEBD4031EEA8FCF008ED9D2 = {
						CreatedOnToolsVersion = 8.3.2;
						DevelopmentTeam = G3KRMQC7T9;
						ProvisioningStyle = Automatic;
						TestTargetID = 3FEBD3DF1EEA8FCF008ED9D2;
					};
				};
			};
			buildConfigurationList = 3FEBD3DB1EEA8FCF008ED9D2 /* Build configuration list for PBXProject "IpsmapSDK_Demo" */;
			compatibilityVersion = "Xcode 3.2";
			developmentRegion = English;
			hasScannedForEncodings = 0;
			knownRegions = (
				en,
				Base,
			);
			mainGroup = 3FEBD3D71EEA8FCF008ED9D2;
			productRefGroup = 3FEBD3E11EEA8FCF008ED9D2 /* Products */;
			projectDirPath = "";
			projectRoot = "";
			targets = (
				3FEBD3DF1EEA8FCF008ED9D2 /* IpsmapSDK_Demo */,
				3FEBD3F81EEA8FCF008ED9D2 /* IpsmapSDK_DemoTests */,
				3FEBD4031EEA8FCF008ED9D2 /* IpsmapSDK_DemoUITests */,
				3F3ADFE820736B5300A1F36B /* IpsmapSDK_Local */,
			);
		};
/* End PBXProject section */

/* Begin PBXResourcesBuildPhase section */
		3F3ADFE720736B5300A1F36B /* Resources */ = {
			isa = PBXResourcesBuildPhase;
			buildActionMask = 2147483647;
			files = (
				3F3AE042207466A500A1F36B /* Assets.xcassets in Resources */,
				3F3AE04C207CD81200A1F36B /* IpsmapSDK.xcassets in Resources */,
				3F3AE0402074669D00A1F36B /* LaunchScreen.storyboard in Resources */,
			);
			runOnlyForDeploymentPostprocessing = 0;
		};
		3FEBD3DE1EEA8FCF008ED9D2 /* Resources */ = {
			isa = PBXResourcesBuildPhase;
			buildActionMask = 2147483647;
			files = (
				3FEBD3F31EEA8FCF008ED9D2 /* LaunchScreen.storyboard in Resources */,
				3FEBD3F01EEA8FCF008ED9D2 /* Assets.xcassets in Resources */,
			);
			runOnlyForDeploymentPostprocessing = 0;
		};
		3FEBD3F71EEA8FCF008ED9D2 /* Resources */ = {
			isa = PBXResourcesBuildPhase;
			buildActionMask = 2147483647;
			files = (
			);
			runOnlyForDeploymentPostprocessing = 0;
		};
		3FEBD4021EEA8FCF008ED9D2 /* Resources */ = {
			isa = PBXResourcesBuildPhase;
			buildActionMask = 2147483647;
			files = (
			);
			runOnlyForDeploymentPostprocessing = 0;
		};
/* End PBXResourcesBuildPhase section */

/* Begin PBXShellScriptBuildPhase section */
		A9A08B8419D8FAAAF8112C0C /* [CP] Copy Pods Resources */ = {
			isa = PBXShellScriptBuildPhase;
			buildActionMask = 2147483647;
			files = (
			);
			inputPaths = (
				"${SRCROOT}/Pods/Target Support Files/Pods-IpsmapSDK_Demo/Pods-IpsmapSDK_Demo-resources.sh",
				"${PODS_ROOT}/../../IpsmapSDK.xcassets",
			);
			name = "[CP] Copy Pods Resources";
			outputPaths = (
				"${TARGET_BUILD_DIR}/${UNLOCALIZED_RESOURCES_FOLDER_PATH}",
			);
			runOnlyForDeploymentPostprocessing = 0;
			shellPath = /bin/sh;
			shellScript = "\"${SRCROOT}/Pods/Target Support Files/Pods-IpsmapSDK_Demo/Pods-IpsmapSDK_Demo-resources.sh\"\n";
			showEnvVarsInLog = 0;
		};
		CBC4C8733D1E2F687EDF6D78 /* [CP] Check Pods Manifest.lock */ = {
			isa = PBXShellScriptBuildPhase;
			buildActionMask = 2147483647;
			files = (
			);
			inputPaths = (
				"${PODS_PODFILE_DIR_PATH}/Podfile.lock",
				"${PODS_ROOT}/Manifest.lock",
			);
			name = "[CP] Check Pods Manifest.lock";
			outputPaths = (
				"$(DERIVED_FILE_DIR)/Pods-IpsmapSDK_Demo-checkManifestLockResult.txt",
			);
			runOnlyForDeploymentPostprocessing = 0;
			shellPath = /bin/sh;
			shellScript = "diff \"${PODS_PODFILE_DIR_PATH}/Podfile.lock\" \"${PODS_ROOT}/Manifest.lock\" > /dev/null\nif [ $? != 0 ] ; then\n    # print error to STDERR\n    echo \"error: The sandbox is not in sync with the Podfile.lock. Run 'pod install' or update your CocoaPods installation.\" >&2\n    exit 1\nfi\n# This output is used by Xcode 'outputs' to avoid re-running this script phase.\necho \"SUCCESS\" > \"${SCRIPT_OUTPUT_FILE_0}\"\n";
			showEnvVarsInLog = 0;
		};
		D1506AF37CA22F1AEBE4A8EF /* [CP] Embed Pods Frameworks */ = {
			isa = PBXShellScriptBuildPhase;
			buildActionMask = 2147483647;
			files = (
			);
			inputPaths = (
				"${SRCROOT}/Pods/Target Support Files/Pods-IpsmapSDK_Demo/Pods-IpsmapSDK_Demo-frameworks.sh",
				"${PODS_ROOT}/../../IpsmapSDK/IpsmapSDK.framework",
			);
			name = "[CP] Embed Pods Frameworks";
			outputPaths = (
				"${TARGET_BUILD_DIR}/${FRAMEWORKS_FOLDER_PATH}/IpsmapSDK.framework",
			);
			runOnlyForDeploymentPostprocessing = 0;
			shellPath = /bin/sh;
			shellScript = "\"${SRCROOT}/Pods/Target Support Files/Pods-IpsmapSDK_Demo/Pods-IpsmapSDK_Demo-frameworks.sh\"\n";
			showEnvVarsInLog = 0;
		};
/* End PBXShellScriptBuildPhase section */

/* Begin PBXSourcesBuildPhase section */
		3F3ADFE520736B5300A1F36B /* Sources */ = {
			isa = PBXSourcesBuildPhase;
			buildActionMask = 2147483647;
			files = (
				3F3AE00820736BC100A1F36B /* ExampleLocationViewController.m in Sources */,
				3F3AE00920736BC100A1F36B /* ExampleListViewController.m in Sources */,
				3F3ADFFB20736B5400A1F36B /* main.m in Sources */,
				3F3AE00A20736BC100A1F36B /* IpsLocationShareHandle.m in Sources */,
				3F3AE00B20736BC100A1F36B /* AppDelegate.m in Sources */,
			);
			runOnlyForDeploymentPostprocessing = 0;
		};
		3FEBD3DC1EEA8FCF008ED9D2 /* Sources */ = {
			isa = PBXSourcesBuildPhase;
			buildActionMask = 2147483647;
			files = (
				3FB6E8421EF0EA4400A67BC3 /* ExampleLocationViewController.m in Sources */,
				3FB6E83F1EF0D9A400A67BC3 /* ExampleListViewController.m in Sources */,
				3FEBD3E81EEA8FCF008ED9D2 /* AppDelegate.m in Sources */,
				3F8BF5601F6A11DF00C8243F /* IpsLocationShareHandle.m in Sources */,
				3FEBD3E51EEA8FCF008ED9D2 /* main.m in Sources */,
			);
			runOnlyForDeploymentPostprocessing = 0;
		};
		3FEBD3F51EEA8FCF008ED9D2 /* Sources */ = {
			isa = PBXSourcesBuildPhase;
			buildActionMask = 2147483647;
			files = (
				3FEBD3FE1EEA8FCF008ED9D2 /* IpsmapSDK_DemoTests.m in Sources */,
			);
			runOnlyForDeploymentPostprocessing = 0;
		};
		3FEBD4001EEA8FCF008ED9D2 /* Sources */ = {
			isa = PBXSourcesBuildPhase;
			buildActionMask = 2147483647;
			files = (
				3FEBD4091EEA8FCF008ED9D2 /* IpsmapSDK_DemoUITests.m in Sources */,
			);
			runOnlyForDeploymentPostprocessing = 0;
		};
/* End PBXSourcesBuildPhase section */

/* Begin PBXTargetDependency section */
		3FEBD3FB1EEA8FCF008ED9D2 /* PBXTargetDependency */ = {
			isa = PBXTargetDependency;
			target = 3FEBD3DF1EEA8FCF008ED9D2 /* IpsmapSDK_Demo */;
			targetProxy = 3FEBD3FA1EEA8FCF008ED9D2 /* PBXContainerItemProxy */;
		};
		3FEBD4061EEA8FCF008ED9D2 /* PBXTargetDependency */ = {
			isa = PBXTargetDependency;
			target = 3FEBD3DF1EEA8FCF008ED9D2 /* IpsmapSDK_Demo */;
			targetProxy = 3FEBD4051EEA8FCF008ED9D2 /* PBXContainerItemProxy */;
		};
/* End PBXTargetDependency section */

/* Begin PBXVariantGroup section */
		3F3AE03E2074669D00A1F36B /* LaunchScreen.storyboard */ = {
			isa = PBXVariantGroup;
			children = (
				3F3AE03F2074669D00A1F36B /* Base */,
			);
			name = LaunchScreen.storyboard;
			sourceTree = "<group>";
		};
		3FEBD3F11EEA8FCF008ED9D2 /* LaunchScreen.storyboard */ = {
			isa = PBXVariantGroup;
			children = (
				3FEBD3F21EEA8FCF008ED9D2 /* Base */,
			);
			name = LaunchScreen.storyboard;
			sourceTree = "<group>";
		};
/* End PBXVariantGroup section */

/* Begin XCBuildConfiguration section */
		3F3ADFFC20736B5400A1F36B /* Debug */ = {
			isa = XCBuildConfiguration;
			buildSettings = {
				CLANG_CXX_LANGUAGE_STANDARD = "gnu++14";
				CLANG_ENABLE_OBJC_WEAK = YES;
				CLANG_WARN_BLOCK_CAPTURE_AUTORELEASING = YES;
				CLANG_WARN_COMMA = YES;
				CLANG_WARN_DEPRECATED_OBJC_IMPLEMENTATIONS = YES;
				CLANG_WARN_NON_LITERAL_NULL_CONVERSION = YES;
				CLANG_WARN_OBJC_IMPLICIT_RETAIN_SELF = YES;
				CLANG_WARN_OBJC_LITERAL_CONVERSION = YES;
				CLANG_WARN_RANGE_LOOP_ANALYSIS = YES;
				CLANG_WARN_STRICT_PROTOTYPES = YES;
				CLANG_WARN_UNGUARDED_AVAILABILITY = YES_AGGRESSIVE;
				CODE_SIGN_IDENTITY = "iPhone Developer";
				CODE_SIGN_STYLE = Automatic;
				DEVELOPMENT_TEAM = G3KRMQC7T9;
				ENABLE_BITCODE = NO;
				FRAMEWORK_SEARCH_PATHS = (
					"$(inherited)",
					"$(PROJECT_DIR)/IpsmapSDK_Local",
					"$(PROJECT_DIR)/../IpsmapSDK",
				);
				GCC_C_LANGUAGE_STANDARD = gnu11;
				INFOPLIST_FILE = IpsmapSDK_Local/Info.plist;
				IPHONEOS_DEPLOYMENT_TARGET = 11.3;
				LD_RUNPATH_SEARCH_PATHS = "$(inherited) @executable_path/Frameworks";
				LIBRARY_SEARCH_PATHS = (
					"$(inherited)",
					"$(PROJECT_DIR)/IpsmapSDK_Local/WechatOpenSDK/OpenSDK1.8.0",
				);
				OTHER_LDFLAGS = (
					"-Objc",
					"-all_load",
				);
				PRODUCT_BUNDLE_IDENTIFIER = "com.Ipsmap.IpsmapSDK-Local";
				PRODUCT_NAME = "$(TARGET_NAME)";
				TARGETED_DEVICE_FAMILY = "1,2";
			};
			name = Debug;
		};
		3F3ADFFD20736B5400A1F36B /* Release */ = {
			isa = XCBuildConfiguration;
			buildSettings = {
				CLANG_CXX_LANGUAGE_STANDARD = "gnu++14";
				CLANG_ENABLE_OBJC_WEAK = YES;
				CLANG_WARN_BLOCK_CAPTURE_AUTORELEASING = YES;
				CLANG_WARN_COMMA = YES;
				CLANG_WARN_DEPRECATED_OBJC_IMPLEMENTATIONS = YES;
				CLANG_WARN_NON_LITERAL_NULL_CONVERSION = YES;
				CLANG_WARN_OBJC_IMPLICIT_RETAIN_SELF = YES;
				CLANG_WARN_OBJC_LITERAL_CONVERSION = YES;
				CLANG_WARN_RANGE_LOOP_ANALYSIS = YES;
				CLANG_WARN_STRICT_PROTOTYPES = YES;
				CLANG_WARN_UNGUARDED_AVAILABILITY = YES_AGGRESSIVE;
				CODE_SIGN_IDENTITY = "iPhone Developer";
				CODE_SIGN_STYLE = Automatic;
				DEVELOPMENT_TEAM = G3KRMQC7T9;
				ENABLE_BITCODE = NO;
				FRAMEWORK_SEARCH_PATHS = (
					"$(inherited)",
					"$(PROJECT_DIR)/IpsmapSDK_Local",
					"$(PROJECT_DIR)/../IpsmapSDK",
				);
				GCC_C_LANGUAGE_STANDARD = gnu11;
				INFOPLIST_FILE = IpsmapSDK_Local/Info.plist;
				IPHONEOS_DEPLOYMENT_TARGET = 11.3;
				LD_RUNPATH_SEARCH_PATHS = "$(inherited) @executable_path/Frameworks";
				LIBRARY_SEARCH_PATHS = (
					"$(inherited)",
					"$(PROJECT_DIR)/IpsmapSDK_Local/WechatOpenSDK/OpenSDK1.8.0",
				);
				OTHER_LDFLAGS = (
					"-Objc",
					"-all_load",
				);
				PRODUCT_BUNDLE_IDENTIFIER = "com.Ipsmap.IpsmapSDK-Local";
				PRODUCT_NAME = "$(TARGET_NAME)";
				TARGETED_DEVICE_FAMILY = "1,2";
			};
			name = Release;
		};
		3FEBD40B1EEA8FCF008ED9D2 /* Debug */ = {
			isa = XCBuildConfiguration;
			buildSettings = {
				ALWAYS_SEARCH_USER_PATHS = NO;
				CLANG_ANALYZER_NONNULL = YES;
				CLANG_ANALYZER_NUMBER_OBJECT_CONVERSION = YES_AGGRESSIVE;
				CLANG_CXX_LANGUAGE_STANDARD = "gnu++0x";
				CLANG_CXX_LIBRARY = "libc++";
				CLANG_ENABLE_MODULES = YES;
				CLANG_ENABLE_OBJC_ARC = YES;
				CLANG_WARN_BOOL_CONVERSION = YES;
				CLANG_WARN_CONSTANT_CONVERSION = YES;
				CLANG_WARN_DIRECT_OBJC_ISA_USAGE = YES_ERROR;
				CLANG_WARN_DOCUMENTATION_COMMENTS = YES;
				CLANG_WARN_EMPTY_BODY = YES;
				CLANG_WARN_ENUM_CONVERSION = YES;
				CLANG_WARN_INFINITE_RECURSION = YES;
				CLANG_WARN_INT_CONVERSION = YES;
				CLANG_WARN_OBJC_ROOT_CLASS = YES_ERROR;
				CLANG_WARN_SUSPICIOUS_MOVE = YES;
				CLANG_WARN_UNREACHABLE_CODE = YES;
				CLANG_WARN__DUPLICATE_METHOD_MATCH = YES;
				"CODE_SIGN_IDENTITY[sdk=iphoneos*]" = "iPhone Developer";
				COPY_PHASE_STRIP = NO;
				DEBUG_INFORMATION_FORMAT = dwarf;
				ENABLE_STRICT_OBJC_MSGSEND = YES;
				ENABLE_TESTABILITY = YES;
				GCC_C_LANGUAGE_STANDARD = gnu99;
				GCC_DYNAMIC_NO_PIC = NO;
				GCC_NO_COMMON_BLOCKS = YES;
				GCC_OPTIMIZATION_LEVEL = 0;
				GCC_PREPROCESSOR_DEFINITIONS = (
					"DEBUG=1",
					"$(inherited)",
				);
				GCC_WARN_64_TO_32_BIT_CONVERSION = YES;
				GCC_WARN_ABOUT_RETURN_TYPE = YES_ERROR;
				GCC_WARN_UNDECLARED_SELECTOR = YES;
				GCC_WARN_UNINITIALIZED_AUTOS = YES_AGGRESSIVE;
				GCC_WARN_UNUSED_FUNCTION = YES;
				GCC_WARN_UNUSED_VARIABLE = YES;
				IPHONEOS_DEPLOYMENT_TARGET = 10.3;
				MTL_ENABLE_DEBUG_INFO = YES;
				ONLY_ACTIVE_ARCH = YES;
				SDKROOT = iphoneos;
				TARGETED_DEVICE_FAMILY = "1,2";
			};
			name = Debug;
		};
		3FEBD40C1EEA8FCF008ED9D2 /* Release */ = {
			isa = XCBuildConfiguration;
			buildSettings = {
				ALWAYS_SEARCH_USER_PATHS = NO;
				CLANG_ANALYZER_NONNULL = YES;
				CLANG_ANALYZER_NUMBER_OBJECT_CONVERSION = YES_AGGRESSIVE;
				CLANG_CXX_LANGUAGE_STANDARD = "gnu++0x";
				CLANG_CXX_LIBRARY = "libc++";
				CLANG_ENABLE_MODULES = YES;
				CLANG_ENABLE_OBJC_ARC = YES;
				CLANG_WARN_BOOL_CONVERSION = YES;
				CLANG_WARN_CONSTANT_CONVERSION = YES;
				CLANG_WARN_DIRECT_OBJC_ISA_USAGE = YES_ERROR;
				CLANG_WARN_DOCUMENTATION_COMMENTS = YES;
				CLANG_WARN_EMPTY_BODY = YES;
				CLANG_WARN_ENUM_CONVERSION = YES;
				CLANG_WARN_INFINITE_RECURSION = YES;
				CLANG_WARN_INT_CONVERSION = YES;
				CLANG_WARN_OBJC_ROOT_CLASS = YES_ERROR;
				CLANG_WARN_SUSPICIOUS_MOVE = YES;
				CLANG_WARN_UNREACHABLE_CODE = YES;
				CLANG_WARN__DUPLICATE_METHOD_MATCH = YES;
				"CODE_SIGN_IDENTITY[sdk=iphoneos*]" = "iPhone Developer";
				COPY_PHASE_STRIP = NO;
				DEBUG_INFORMATION_FORMAT = "dwarf-with-dsym";
				ENABLE_NS_ASSERTIONS = NO;
				ENABLE_STRICT_OBJC_MSGSEND = YES;
				GCC_C_LANGUAGE_STANDARD = gnu99;
				GCC_NO_COMMON_BLOCKS = YES;
				GCC_WARN_64_TO_32_BIT_CONVERSION = YES;
				GCC_WARN_ABOUT_RETURN_TYPE = YES_ERROR;
				GCC_WARN_UNDECLARED_SELECTOR = YES;
				GCC_WARN_UNINITIALIZED_AUTOS = YES_AGGRESSIVE;
				GCC_WARN_UNUSED_FUNCTION = YES;
				GCC_WARN_UNUSED_VARIABLE = YES;
				IPHONEOS_DEPLOYMENT_TARGET = 10.3;
				MTL_ENABLE_DEBUG_INFO = NO;
				SDKROOT = iphoneos;
				TARGETED_DEVICE_FAMILY = "1,2";
				VALIDATE_PRODUCT = YES;
			};
			name = Release;
		};
		3FEBD40E1EEA8FCF008ED9D2 /* Debug */ = {
			isa = XCBuildConfiguration;
			baseConfigurationReference = 25F00BE4824CBD33B62ED2F1 /* Pods-IpsmapSDK_Demo.debug.xcconfig */;
			buildSettings = {
				ASSETCATALOG_COMPILER_APPICON_NAME = AppIcon;
				DEVELOPMENT_TEAM = G3KRMQC7T9;
				ENABLE_BITCODE = NO;
				INFOPLIST_FILE = IpsmapSDK_Demo/Info.plist;
				IPHONEOS_DEPLOYMENT_TARGET = 8.0;
				LD_RUNPATH_SEARCH_PATHS = "$(inherited) @executable_path/Frameworks";
				PRODUCT_BUNDLE_IDENTIFIER = "com.Ipsmap.IpsmapSDK-Demo";
				PRODUCT_NAME = "$(TARGET_NAME)";
			};
			name = Debug;
		};
		3FEBD40F1EEA8FCF008ED9D2 /* Release */ = {
			isa = XCBuildConfiguration;
			baseConfigurationReference = 691C6A2A00243E6485D167EC /* Pods-IpsmapSDK_Demo.release.xcconfig */;
			buildSettings = {
				ASSETCATALOG_COMPILER_APPICON_NAME = AppIcon;
				DEVELOPMENT_TEAM = G3KRMQC7T9;
				ENABLE_BITCODE = NO;
				INFOPLIST_FILE = IpsmapSDK_Demo/Info.plist;
				IPHONEOS_DEPLOYMENT_TARGET = 8.0;
				LD_RUNPATH_SEARCH_PATHS = "$(inherited) @executable_path/Frameworks";
				PRODUCT_BUNDLE_IDENTIFIER = "com.Ipsmap.IpsmapSDK-Demo";
				PRODUCT_NAME = "$(TARGET_NAME)";
			};
			name = Release;
		};
		3FEBD4111EEA8FCF008ED9D2 /* Debug */ = {
			isa = XCBuildConfiguration;
			buildSettings = {
				BUNDLE_LOADER = "$(TEST_HOST)";
				DEVELOPMENT_TEAM = G3KRMQC7T9;
				INFOPLIST_FILE = IpsmapSDK_DemoTests/Info.plist;
				LD_RUNPATH_SEARCH_PATHS = "$(inherited) @executable_path/Frameworks @loader_path/Frameworks";
				PRODUCT_BUNDLE_IDENTIFIER = "com.Ipsmap.IpsmapSDK-Demo.IpsmapSDK-DemoTests";
				PRODUCT_NAME = "$(TARGET_NAME)";
				TEST_HOST = "$(BUILT_PRODUCTS_DIR)/IpsmapSDK_Demo.app/IpsmapSDK_Demo";
			};
			name = Debug;
		};
		3FEBD4121EEA8FCF008ED9D2 /* Release */ = {
			isa = XCBuildConfiguration;
			buildSettings = {
				BUNDLE_LOADER = "$(TEST_HOST)";
				DEVELOPMENT_TEAM = G3KRMQC7T9;
				INFOPLIST_FILE = IpsmapSDK_DemoTests/Info.plist;
				LD_RUNPATH_SEARCH_PATHS = "$(inherited) @executable_path/Frameworks @loader_path/Frameworks";
				PRODUCT_BUNDLE_IDENTIFIER = "com.Ipsmap.IpsmapSDK-Demo.IpsmapSDK-DemoTests";
				PRODUCT_NAME = "$(TARGET_NAME)";
				TEST_HOST = "$(BUILT_PRODUCTS_DIR)/IpsmapSDK_Demo.app/IpsmapSDK_Demo";
			};
			name = Release;
		};
		3FEBD4141EEA8FCF008ED9D2 /* Debug */ = {
			isa = XCBuildConfiguration;
			buildSettings = {
				DEVELOPMENT_TEAM = G3KRMQC7T9;
				INFOPLIST_FILE = IpsmapSDK_DemoUITests/Info.plist;
				LD_RUNPATH_SEARCH_PATHS = "$(inherited) @executable_path/Frameworks @loader_path/Frameworks";
				PRODUCT_BUNDLE_IDENTIFIER = "com.Ipsmap.IpsmapSDK-Demo.IpsmapSDK-DemoUITests";
				PRODUCT_NAME = "$(TARGET_NAME)";
				TEST_TARGET_NAME = IpsmapSDK_Demo;
			};
			name = Debug;
		};
		3FEBD4151EEA8FCF008ED9D2 /* Release */ = {
			isa = XCBuildConfiguration;
			buildSettings = {
				DEVELOPMENT_TEAM = G3KRMQC7T9;
				INFOPLIST_FILE = IpsmapSDK_DemoUITests/Info.plist;
				LD_RUNPATH_SEARCH_PATHS = "$(inherited) @executable_path/Frameworks @loader_path/Frameworks";
				PRODUCT_BUNDLE_IDENTIFIER = "com.Ipsmap.IpsmapSDK-Demo.IpsmapSDK-DemoUITests";
				PRODUCT_NAME = "$(TARGET_NAME)";
				TEST_TARGET_NAME = IpsmapSDK_Demo;
			};
			name = Release;
		};
/* End XCBuildConfiguration section */

/* Begin XCConfigurationList section */
		3F3ADFFE20736B5400A1F36B /* Build configuration list for PBXNativeTarget "IpsmapSDK_Local" */ = {
			isa = XCConfigurationList;
			buildConfigurations = (
				3F3ADFFC20736B5400A1F36B /* Debug */,
				3F3ADFFD20736B5400A1F36B /* Release */,
			);
			defaultConfigurationIsVisible = 0;
			defaultConfigurationName = Release;
		};
		3FEBD3DB1EEA8FCF008ED9D2 /* Build configuration list for PBXProject "IpsmapSDK_Demo" */ = {
			isa = XCConfigurationList;
			buildConfigurations = (
				3FEBD40B1EEA8FCF008ED9D2 /* Debug */,
				3FEBD40C1EEA8FCF008ED9D2 /* Release */,
			);
			defaultConfigurationIsVisible = 0;
			defaultConfigurationName = Release;
		};
		3FEBD40D1EEA8FCF008ED9D2 /* Build configuration list for PBXNativeTarget "IpsmapSDK_Demo" */ = {
			isa = XCConfigurationList;
			buildConfigurations = (
				3FEBD40E1EEA8FCF008ED9D2 /* Debug */,
				3FEBD40F1EEA8FCF008ED9D2 /* Release */,
			);
			defaultConfigurationIsVisible = 0;
			defaultConfigurationName = Release;
		};
		3FEBD4101EEA8FCF008ED9D2 /* Build configuration list for PBXNativeTarget "IpsmapSDK_DemoTests" */ = {
			isa = XCConfigurationList;
			buildConfigurations = (
				3FEBD4111EEA8FCF008ED9D2 /* Debug */,
				3FEBD4121EEA8FCF008ED9D2 /* Release */,
			);
			defaultConfigurationIsVisible = 0;
			defaultConfigurationName = Release;
		};
		3FEBD4131EEA8FCF008ED9D2 /* Build configuration list for PBXNativeTarget "IpsmapSDK_DemoUITests" */ = {
			isa = XCConfigurationList;
			buildConfigurations = (
				3FEBD4141EEA8FCF008ED9D2 /* Debug */,
				3FEBD4151EEA8FCF008ED9D2 /* Release */,
			);
			defaultConfigurationIsVisible = 0;
			defaultConfigurationName = Release;
		};
/* End XCConfigurationList section */
	};
	rootObject = 3FEBD3D81EEA8FCF008ED9D2 /* Project object */;
}
